
Microsoft Visual Studio Solution File, Format Version 12.00
# Visual Studio Version 16
VisualStudioVersion = 16.0.31129.286
MinimumVisualStudioVersion = 10.0.40219.1
Project("{FAE04EC0-301F-11D3-BF4B-00C04F79EFBC}") = "QuanLyLuongSanPham_GUI", "QuanLyLuongSanPham_GUI\QuanLyLuongSanPham_GUI.csproj", "{A29B7009-8AFC-48AD-A810-1EFBA0A677DD}"
EndProject
Project("{FAE04EC0-301F-11D3-BF4B-00C04F79EFBC}") = "QuanLyLuongSanPham_DTO", "QuanLyLuongSanPham_DTO\QuanLyLuongSanPham_DTO.csproj", "{299CAF4B-FCD3-4C3E-839C-23AF9AD7B2E2}"
EndProject
Project("{FAE04EC0-301F-11D3-BF4B-00C04F79EFBC}") = "QuanLyLuongSanPham_DAO", "QuanLyLuongSanPham_DAO\QuanLyLuongSanPham_DAO.csproj", "{DA2F25F3-21AE-4603-A663-98397C748CB4}"
EndProject
Project("{FAE04EC0-301F-11D3-BF4B-00C04F79EFBC}") = "QuanLyLuongSanPham_BUS", "QuanLyLuongSanPham_BUS\QuanLyLuongSanPham_BUS.csproj", "{267A102C-A376-44E1-B8D1-86C5B5AC1A9C}"
EndProject
Global
	GlobalSection(SolutionConfigurationPlatforms) = preSolution
		Debug|Any CPU = Debug|Any CPU
		Release|Any CPU = Release|Any CPU
	EndGlobalSection
	GlobalSection(ProjectConfigurationPlatforms) = postSolution
		{A29B7009-8AFC-48AD-A810-1EFBA0A677DD}.Debug|Any CPU.ActiveCfg = Debug|Any CPU
		{A29B7009-8AFC-48AD-A810-1EFBA0A677DD}.Debug|Any CPU.Build.0 = Debug|Any CPU
		{A29B7009-8AFC-48AD-A810-1EFBA0A677DD}.Release|Any CPU.ActiveCfg = Release|Any CPU
		{A29B7009-8AFC-48AD-A810-1EFBA0A677DD}.Release|Any CPU.Build.0 = Release|Any CPU
		{299CAF4B-FCD3-4C3E-839C-23AF9AD7B2E2}.Debug|Any CPU.ActiveCfg = Debug|Any CPU
		{299CAF4B-FCD3-4C3E-839C-23AF9AD7B2E2}.Debug|Any CPU.Build.0 = Debug|Any CPU
		{299CAF4B-FCD3-4C3E-839C-23AF9AD7B2E2}.Release|Any CPU.ActiveCfg = Release|Any CPU
		{299CAF4B-FCD3-4C3E-839C-23AF9AD7B2E2}.Release|Any CPU.Build.0 = Release|Any CPU
		{DA2F25F3-21AE-4603-A663-98397C748CB4}.Debug|Any CPU.ActiveCfg = Debug|Any CPU
		{DA2F25F3-21AE-4603-A663-98397C748CB4}.Debug|Any CPU.Build.0 = Debug|Any CPU
		{DA2F25F3-21AE-4603-A663-98397C748CB4}.Release|Any CPU.ActiveCfg = Release|Any CPU
		{DA2F25F3-21AE-4603-A663-98397C748CB4}.Release|Any CPU.Build.0 = Release|Any CPU
		{267A102C-A376-44E1-B8D1-86C5B5AC1A9C}.Debug|Any CPU.ActiveCfg = Debug|Any CPU
		{267A102C-A376-44E1-B8D1-86C5B5AC1A9C}.Debug|Any CPU.Build.0 = Debug|Any CPU
		{267A102C-A376-44E1-B8D1-86C5B5AC1A9C}.Release|Any CPU.ActiveCfg = Release|Any CPU
		{267A102C-A376-44E1-B8D1-86C5B5AC1A9C}.Release|Any CPU.Build.0 = Release|Any CPU
	EndGlobalSection
	GlobalSection(SolutionProperties) = preSolution
		HideSolutionNode = FALSE
	EndGlobalSection
	GlobalSection(ExtensibilityGlobals) = postSolution
		SolutionGuid = {5B3CA0C6-35EB-4492-8249-15A062A03EAD}
	EndGlobalSection
EndGlobal
